
Microsoft Visual Studio Solution File, Format Version 12.00
# Visual Studio Version 16
VisualStudioVersion = 16.0.31105.61
MinimumVisualStudioVersion = 10.0.40219.1
Project("{FAE04EC0-301F-11D3-BF4B-00C04F79EFBC}") = "SalesTax", "SalesTax\SalesTax.csproj", "{140C81A1-D574-4977-BA92-6C68CE8B62B8}"
EndProject
Global
	GlobalSection(SolutionConfigurationPlatforms) = preSolution
		Debug|Any CPU = Debug|Any CPU
		Release|Any CPU = Release|Any CPU
	EndGlobalSection
	GlobalSection(ProjectConfigurationPlatforms) = postSolution
		{140C81A1-D574-4977-BA92-6C68CE8B62B8}.Debug|Any CPU.ActiveCfg = Debug|Any CPU
		{140C81A1-D574-4977-BA92-6C68CE8B62B8}.Debug|Any CPU.Build.0 = Debug|Any CPU
		{140C81A1-D574-4977-BA92-6C68CE8B62B8}.Release|Any CPU.ActiveCfg = Release|Any CPU
		{140C81A1-D574-4977-BA92-6C68CE8B62B8}.Release|Any CPU.Build.0 = Release|Any CPU
	EndGlobalSection
	GlobalSection(SolutionProperties) = preSolution
		HideSolutionNode = FALSE
	EndGlobalSection
	GlobalSection(ExtensibilityGlobals) = postSolution
		SolutionGuid = {875259CF-83DA-49D1-9299-2012A2D47C59}
	EndGlobalSection
EndGlobal
